
Microsoft Visual Studio Solution File, Format Version 12.00
# Visual Studio Version 17
VisualStudioVersion = 17.0.31903.59
MinimumVisualStudioVersion = 10.0.40219.1
Project("{FAE04EC0-301F-11D3-BF4B-00C04F79EFBC}") = "NewStats.AppHost", "NewStats.AppHost\NewStats.AppHost.csproj", "{29E4B8F7-A2C6-4D32-8934-A8364DADB3D9}"
EndProject
Project("{FAE04EC0-301F-11D3-BF4B-00C04F79EFBC}") = "NewStats.ServiceDefaults", "NewStats.ServiceDefaults\NewStats.ServiceDefaults.csproj", "{6FF42BF2-1BC8-451D-9F95-0041B9EB13E0}"
EndProject
Project("{FAE04EC0-301F-11D3-BF4B-00C04F79EFBC}") = "NewsStats.Api", "NewsStats.Api\NewsStats.Api.csproj", "{0B63CA5A-7EA1-45FE-AD8B-5C2D6C0E5ABF}"
EndProject
Project("{FAE04EC0-301F-11D3-BF4B-00C04F79EFBC}") = "NewsStats.Wasm", "NewsStats.Wasm\NewsStats.Wasm.csproj", "{C2D95FB6-90A5-4205-9244-B46AD353B3DB}"
EndProject
Project("{FAE04EC0-301F-11D3-BF4B-00C04F79EFBC}") = "NewsStats.Proxy", "NewsStats.Proxy\NewsStats.Proxy.csproj", "{F6DBFDB6-1112-4AB8-873A-2846F5CE25EB}"
EndProject
Global
	GlobalSection(SolutionConfigurationPlatforms) = preSolution
		Debug|Any CPU = Debug|Any CPU
		Debug|x64 = Debug|x64
		Debug|x86 = Debug|x86
		Release|Any CPU = Release|Any CPU
		Release|x64 = Release|x64
		Release|x86 = Release|x86
	EndGlobalSection
	GlobalSection(ProjectConfigurationPlatforms) = postSolution
		{29E4B8F7-A2C6-4D32-8934-A8364DADB3D9}.Debug|Any CPU.ActiveCfg = Debug|Any CPU
		{29E4B8F7-A2C6-4D32-8934-A8364DADB3D9}.Debug|Any CPU.Build.0 = Debug|Any CPU
		{29E4B8F7-A2C6-4D32-8934-A8364DADB3D9}.Debug|x64.ActiveCfg = Debug|Any CPU
		{29E4B8F7-A2C6-4D32-8934-A8364DADB3D9}.Debug|x64.Build.0 = Debug|Any CPU
		{29E4B8F7-A2C6-4D32-8934-A8364DADB3D9}.Debug|x86.ActiveCfg = Debug|Any CPU
		{29E4B8F7-A2C6-4D32-8934-A8364DADB3D9}.Debug|x86.Build.0 = Debug|Any CPU
		{29E4B8F7-A2C6-4D32-8934-A8364DADB3D9}.Release|Any CPU.ActiveCfg = Release|Any CPU
		{29E4B8F7-A2C6-4D32-8934-A8364DADB3D9}.Release|Any CPU.Build.0 = Release|Any CPU
		{29E4B8F7-A2C6-4D32-8934-A8364DADB3D9}.Release|x64.ActiveCfg = Release|Any CPU
		{29E4B8F7-A2C6-4D32-8934-A8364DADB3D9}.Release|x64.Build.0 = Release|Any CPU
		{29E4B8F7-A2C6-4D32-8934-A8364DADB3D9}.Release|x86.ActiveCfg = Release|Any CPU
		{29E4B8F7-A2C6-4D32-8934-A8364DADB3D9}.Release|x86.Build.0 = Release|Any CPU
		{6FF42BF2-1BC8-451D-9F95-0041B9EB13E0}.Debug|Any CPU.ActiveCfg = Debug|Any CPU
		{6FF42BF2-1BC8-451D-9F95-0041B9EB13E0}.Debug|Any CPU.Build.0 = Debug|Any CPU
		{6FF42BF2-1BC8-451D-9F95-0041B9EB13E0}.Debug|x64.ActiveCfg = Debug|Any CPU
		{6FF42BF2-1BC8-451D-9F95-0041B9EB13E0}.Debug|x64.Build.0 = Debug|Any CPU
		{6FF42BF2-1BC8-451D-9F95-0041B9EB13E0}.Debug|x86.ActiveCfg = Debug|Any CPU
		{6FF42BF2-1BC8-451D-9F95-0041B9EB13E0}.Debug|x86.Build.0 = Debug|Any CPU
		{6FF42BF2-1BC8-451D-9F95-0041B9EB13E0}.Release|Any CPU.ActiveCfg = Release|Any CPU
		{6FF42BF2-1BC8-451D-9F95-0041B9EB13E0}.Release|Any CPU.Build.0 = Release|Any CPU
		{6FF42BF2-1BC8-451D-9F95-0041B9EB13E0}.Release|x64.ActiveCfg = Release|Any CPU
		{6FF42BF2-1BC8-451D-9F95-0041B9EB13E0}.Release|x64.Build.0 = Release|Any CPU
		{6FF42BF2-1BC8-451D-9F95-0041B9EB13E0}.Release|x86.ActiveCfg = Release|Any CPU
		{6FF42BF2-1BC8-451D-9F95-0041B9EB13E0}.Release|x86.Build.0 = Release|Any CPU
		{0B63CA5A-7EA1-45FE-AD8B-5C2D6C0E5ABF}.Debug|Any CPU.ActiveCfg = Debug|Any CPU
		{0B63CA5A-7EA1-45FE-AD8B-5C2D6C0E5ABF}.Debug|Any CPU.Build.0 = Debug|Any CPU
		{0B63CA5A-7EA1-45FE-AD8B-5C2D6C0E5ABF}.Debug|x64.ActiveCfg = Debug|Any CPU
		{0B63CA5A-7EA1-45FE-AD8B-5C2D6C0E5ABF}.Debug|x64.Build.0 = Debug|Any CPU
		{0B63CA5A-7EA1-45FE-AD8B-5C2D6C0E5ABF}.Debug|x86.ActiveCfg = Debug|Any CPU
		{0B63CA5A-7EA1-45FE-AD8B-5C2D6C0E5ABF}.Debug|x86.Build.0 = Debug|Any CPU
		{0B63CA5A-7EA1-45FE-AD8B-5C2D6C0E5ABF}.Release|Any CPU.ActiveCfg = Release|Any CPU
		{0B63CA5A-7EA1-45FE-AD8B-5C2D6C0E5ABF}.Release|Any CPU.Build.0 = Release|Any CPU
		{0B63CA5A-7EA1-45FE-AD8B-5C2D6C0E5ABF}.Release|x64.ActiveCfg = Release|Any CPU
		{0B63CA5A-7EA1-45FE-AD8B-5C2D6C0E5ABF}.Release|x64.Build.0 = Release|Any CPU
		{0B63CA5A-7EA1-45FE-AD8B-5C2D6C0E5ABF}.Release|x86.ActiveCfg = Release|Any CPU
		{0B63CA5A-7EA1-45FE-AD8B-5C2D6C0E5ABF}.Release|x86.Build.0 = Release|Any CPU
		{C2D95FB6-90A5-4205-9244-B46AD353B3DB}.Debug|Any CPU.ActiveCfg = Debug|Any CPU
		{C2D95FB6-90A5-4205-9244-B46AD353B3DB}.Debug|Any CPU.Build.0 = Debug|Any CPU
		{C2D95FB6-90A5-4205-9244-B46AD353B3DB}.Debug|x64.ActiveCfg = Debug|Any CPU
		{C2D95FB6-90A5-4205-9244-B46AD353B3DB}.Debug|x64.Build.0 = Debug|Any CPU
		{C2D95FB6-90A5-4205-9244-B46AD353B3DB}.Debug|x86.ActiveCfg = Debug|Any CPU
		{C2D95FB6-90A5-4205-9244-B46AD353B3DB}.Debug|x86.Build.0 = Debug|Any CPU
		{C2D95FB6-90A5-4205-9244-B46AD353B3DB}.Release|Any CPU.ActiveCfg = Release|Any CPU
		{C2D95FB6-90A5-4205-9244-B46AD353B3DB}.Release|Any CPU.Build.0 = Release|Any CPU
		{C2D95FB6-90A5-4205-9244-B46AD353B3DB}.Release|x64.ActiveCfg = Release|Any CPU
		{C2D95FB6-90A5-4205-9244-B46AD353B3DB}.Release|x64.Build.0 = Release|Any CPU
		{C2D95FB6-90A5-4205-9244-B46AD353B3DB}.Release|x86.ActiveCfg = Release|Any CPU
		{C2D95FB6-90A5-4205-9244-B46AD353B3DB}.Release|x86.Build.0 = Release|Any CPU
		{F6DBFDB6-1112-4AB8-873A-2846F5CE25EB}.Debug|Any CPU.ActiveCfg = Debug|Any CPU
		{F6DBFDB6-1112-4AB8-873A-2846F5CE25EB}.Debug|Any CPU.Build.0 = Debug|Any CPU
		{F6DBFDB6-1112-4AB8-873A-2846F5CE25EB}.Debug|x64.ActiveCfg = Debug|Any CPU
		{F6DBFDB6-1112-4AB8-873A-2846F5CE25EB}.Debug|x64.Build.0 = Debug|Any CPU
		{F6DBFDB6-1112-4AB8-873A-2846F5CE25EB}.Debug|x86.ActiveCfg = Debug|Any CPU
		{F6DBFDB6-1112-4AB8-873A-2846F5CE25EB}.Debug|x86.Build.0 = Debug|Any CPU
		{F6DBFDB6-1112-4AB8-873A-2846F5CE25EB}.Release|Any CPU.ActiveCfg = Release|Any CPU
		{F6DBFDB6-1112-4AB8-873A-2846F5CE25EB}.Release|Any CPU.Build.0 = Release|Any CPU
		{F6DBFDB6-1112-4AB8-873A-2846F5CE25EB}.Release|x64.ActiveCfg = Release|Any CPU
		{F6DBFDB6-1112-4AB8-873A-2846F5CE25EB}.Release|x64.Build.0 = Release|Any CPU
		{F6DBFDB6-1112-4AB8-873A-2846F5CE25EB}.Release|x86.ActiveCfg = Release|Any CPU
		{F6DBFDB6-1112-4AB8-873A-2846F5CE25EB}.Release|x86.Build.0 = Release|Any CPU
	EndGlobalSection
	GlobalSection(SolutionProperties) = preSolution
		HideSolutionNode = FALSE
	EndGlobalSection
EndGlobal
